
Microsoft Visual Studio Solution File, Format Version 12.00
# Visual Studio Version 16
VisualStudioVersion = 16.0.30204.135
MinimumVisualStudioVersion = 10.0.40219.1
Project("{FAE04EC0-301F-11D3-BF4B-00C04F79EFBC}") = "EllipseOverlay", "EllipseOverlay.csproj", "{57E1948F-D489-4B9D-98D0-9C3207971C2E}"
EndProject
Global
	GlobalSection(SolutionConfigurationPlatforms) = preSolution
		Debug|Any CPU = Debug|Any CPU
		Release|Any CPU = Release|Any CPU
	EndGlobalSection
	GlobalSection(ProjectConfigurationPlatforms) = postSolution
		{57E1948F-D489-4B9D-98D0-9C3207971C2E}.Debug|Any CPU.ActiveCfg = Debug|Any CPU
		{57E1948F-D489-4B9D-98D0-9C3207971C2E}.Debug|Any CPU.Build.0 = Debug|Any CPU
		{57E1948F-D489-4B9D-98D0-9C3207971C2E}.Release|Any CPU.ActiveCfg = Release|Any CPU
		{57E1948F-D489-4B9D-98D0-9C3207971C2E}.Release|Any CPU.Build.0 = Release|Any CPU
	EndGlobalSection
	GlobalSection(SolutionProperties) = preSolution
		HideSolutionNode = FALSE
	EndGlobalSection
	GlobalSection(ExtensibilityGlobals) = postSolution
		SolutionGuid = {2880A6C5-9E91-4CA0-AA6B-BACF5EDE89E0}
	EndGlobalSection
EndGlobal
